
Microsoft Visual Studio Solution File, Format Version 12.00
# Visual Studio Version 17
VisualStudioVersion = 17.0.31903.59
MinimumVisualStudioVersion = 10.0.40219.1
Project("{2150E333-8FDC-42A3-9474-1A3956D46DE8}") = "src", "src", "{827E0CD3-B72D-47B6-A68D-7590B98EB39B}"
EndProject
Project("{FAE04EC0-301F-11D3-BF4B-00C04F79EFBC}") = "KSword.Sandbox.Abstractions", "src\KSword.Sandbox.Abstractions\KSword.Sandbox.Abstractions.csproj", "{1365CB2C-CC0F-4FE2-91F0-E3E5A6806939}"
EndProject
Project("{FAE04EC0-301F-11D3-BF4B-00C04F79EFBC}") = "KSword.Sandbox.Core", "src\KSword.Sandbox.Core\KSword.Sandbox.Core.csproj", "{2BC8F71E-1204-4535-BAFC-CCAE831962FB}"
EndProject
Project("{FAE04EC0-301F-11D3-BF4B-00C04F79EFBC}") = "KSword.Sandbox.Web", "src\KSword.Sandbox.Web\KSword.Sandbox.Web.csproj", "{5FD66665-C326-4F6E-90EC-9F4A40F9E537}"
EndProject
Project("{FAE04EC0-301F-11D3-BF4B-00C04F79EFBC}") = "KSword.Sandbox.Agent", "guest\KSword.Sandbox.Agent\KSword.Sandbox.Agent.csproj", "{147EC659-A057-4D6E-AE54-A9E9139D8E54}"
EndProject
Project("{FAE04EC0-301F-11D3-BF4B-00C04F79EFBC}") = "KSword.Sandbox.SmokeTests", "tests\KSword.Sandbox.SmokeTests\KSword.Sandbox.SmokeTests.csproj", "{1FCE10D7-F08D-4E26-B9E9-F29BEEA6B572}"
EndProject
Project("{2150E333-8FDC-42A3-9474-1A3956D46DE8}") = "guest", "guest", "{AEBB45F1-EB4E-4D0E-A86E-A6FB61BFEFA4}"
EndProject
Project("{2150E333-8FDC-42A3-9474-1A3956D46DE8}") = "driver", "driver", "{D499D332-CF34-4B0B-8D74-F8F7907A5C3D}"
EndProject
Project("{8BC9CEB8-8B4A-11D0-8D11-00A0C91BC942}") = "KSword.Sandbox.R0Collector", "guest\KSword.Sandbox.R0Collector\KSword.Sandbox.R0Collector.vcxproj", "{D9E9A3F7-BB99-48A0-AF7E-54D7D5D8C701}"
EndProject
Project("{8BC9CEB8-8B4A-11D0-8D11-00A0C91BC942}") = "KSword.Sandbox.Driver", "driver\KSword.Sandbox.Driver\KSword.Sandbox.Driver.vcxproj", "{E8C3DCE9-E60B-4A0F-8D8F-620E1182635A}"
EndProject
Project("{2150E333-8FDC-42A3-9474-1A3956D46DE8}") = "tools", "tools", "{07C2787E-EAC7-C090-1BA3-A61EC2A24D84}"
EndProject
Project("{FAE04EC0-301F-11D3-BF4B-00C04F79EFBC}") = "KSword.Sandbox.HarmlessSample", "tools\KSword.Sandbox.HarmlessSample\KSword.Sandbox.HarmlessSample.csproj", "{4F9CD9F7-EAF3-47AC-A895-E7CEB0CF180C}"
EndProject
Project("{FAE04EC0-301F-11D3-BF4B-00C04F79EFBC}") = "KSword.Sandbox.PostProcess", "tools\KSword.Sandbox.PostProcess\KSword.Sandbox.PostProcess.csproj", "{E35EEA46-1152-46BA-8A24-7A5D6507FC06}"
EndProject
Project("{FAE04EC0-301F-11D3-BF4B-00C04F79EFBC}") = "KSword.Sandbox.JobTool", "tools\KSword.Sandbox.JobTool\KSword.Sandbox.JobTool.csproj", "{D6AD7683-FAA8-4A48-B261-353A8B38DFFF}"
EndProject
Global
	GlobalSection(SolutionConfigurationPlatforms) = preSolution
		Debug|Any CPU = Debug|Any CPU
		Debug|x64 = Debug|x64
		Debug|x86 = Debug|x86
		Release|Any CPU = Release|Any CPU
		Release|x64 = Release|x64
		Release|x86 = Release|x86
	EndGlobalSection
	GlobalSection(ProjectConfigurationPlatforms) = postSolution
		{1365CB2C-CC0F-4FE2-91F0-E3E5A6806939}.Debug|Any CPU.ActiveCfg = Debug|Any CPU
		{1365CB2C-CC0F-4FE2-91F0-E3E5A6806939}.Debug|Any CPU.Build.0 = Debug|Any CPU
		{1365CB2C-CC0F-4FE2-91F0-E3E5A6806939}.Debug|x64.ActiveCfg = Debug|Any CPU
		{1365CB2C-CC0F-4FE2-91F0-E3E5A6806939}.Debug|x64.Build.0 = Debug|Any CPU
		{1365CB2C-CC0F-4FE2-91F0-E3E5A6806939}.Debug|x86.ActiveCfg = Debug|Any CPU
		{1365CB2C-CC0F-4FE2-91F0-E3E5A6806939}.Debug|x86.Build.0 = Debug|Any CPU
		{1365CB2C-CC0F-4FE2-91F0-E3E5A6806939}.Release|Any CPU.ActiveCfg = Release|Any CPU
		{1365CB2C-CC0F-4FE2-91F0-E3E5A6806939}.Release|Any CPU.Build.0 = Release|Any CPU
		{1365CB2C-CC0F-4FE2-91F0-E3E5A6806939}.Release|x64.ActiveCfg = Release|Any CPU
		{1365CB2C-CC0F-4FE2-91F0-E3E5A6806939}.Release|x64.Build.0 = Release|Any CPU
		{1365CB2C-CC0F-4FE2-91F0-E3E5A6806939}.Release|x86.ActiveCfg = Release|Any CPU
		{1365CB2C-CC0F-4FE2-91F0-E3E5A6806939}.Release|x86.Build.0 = Release|Any CPU
		{2BC8F71E-1204-4535-BAFC-CCAE831962FB}.Debug|Any CPU.ActiveCfg = Debug|Any CPU
		{2BC8F71E-1204-4535-BAFC-CCAE831962FB}.Debug|Any CPU.Build.0 = Debug|Any CPU
		{2BC8F71E-1204-4535-BAFC-CCAE831962FB}.Debug|x64.ActiveCfg = Debug|Any CPU
		{2BC8F71E-1204-4535-BAFC-CCAE831962FB}.Debug|x64.Build.0 = Debug|Any CPU
		{2BC8F71E-1204-4535-BAFC-CCAE831962FB}.Debug|x86.ActiveCfg = Debug|Any CPU
		{2BC8F71E-1204-4535-BAFC-CCAE831962FB}.Debug|x86.Build.0 = Debug|Any CPU
		{2BC8F71E-1204-4535-BAFC-CCAE831962FB}.Release|Any CPU.ActiveCfg = Release|Any CPU
		{2BC8F71E-1204-4535-BAFC-CCAE831962FB}.Release|Any CPU.Build.0 = Release|Any CPU
		{2BC8F71E-1204-4535-BAFC-CCAE831962FB}.Release|x64.ActiveCfg = Release|Any CPU
		{2BC8F71E-1204-4535-BAFC-CCAE831962FB}.Release|x64.Build.0 = Release|Any CPU
		{2BC8F71E-1204-4535-BAFC-CCAE831962FB}.Release|x86.ActiveCfg = Release|Any CPU
		{2BC8F71E-1204-4535-BAFC-CCAE831962FB}.Release|x86.Build.0 = Release|Any CPU
		{5FD66665-C326-4F6E-90EC-9F4A40F9E537}.Debug|Any CPU.ActiveCfg = Debug|Any CPU
		{5FD66665-C326-4F6E-90EC-9F4A40F9E537}.Debug|Any CPU.Build.0 = Debug|Any CPU
		{5FD66665-C326-4F6E-90EC-9F4A40F9E537}.Debug|x64.ActiveCfg = Debug|Any CPU
		{5FD66665-C326-4F6E-90EC-9F4A40F9E537}.Debug|x64.Build.0 = Debug|Any CPU
		{5FD66665-C326-4F6E-90EC-9F4A40F9E537}.Debug|x86.ActiveCfg = Debug|Any CPU
		{5FD66665-C326-4F6E-90EC-9F4A40F9E537}.Debug|x86.Build.0 = Debug|Any CPU
		{5FD66665-C326-4F6E-90EC-9F4A40F9E537}.Release|Any CPU.ActiveCfg = Release|Any CPU
		{5FD66665-C326-4F6E-90EC-9F4A40F9E537}.Release|Any CPU.Build.0 = Release|Any CPU
		{5FD66665-C326-4F6E-90EC-9F4A40F9E537}.Release|x64.ActiveCfg = Release|Any CPU
		{5FD66665-C326-4F6E-90EC-9F4A40F9E537}.Release|x64.Build.0 = Release|Any CPU
		{5FD66665-C326-4F6E-90EC-9F4A40F9E537}.Release|x86.ActiveCfg = Release|Any CPU
		{5FD66665-C326-4F6E-90EC-9F4A40F9E537}.Release|x86.Build.0 = Release|Any CPU
		{147EC659-A057-4D6E-AE54-A9E9139D8E54}.Debug|Any CPU.ActiveCfg = Debug|Any CPU
		{147EC659-A057-4D6E-AE54-A9E9139D8E54}.Debug|Any CPU.Build.0 = Debug|Any CPU
		{147EC659-A057-4D6E-AE54-A9E9139D8E54}.Debug|x64.ActiveCfg = Debug|Any CPU
		{147EC659-A057-4D6E-AE54-A9E9139D8E54}.Debug|x64.Build.0 = Debug|Any CPU
		{147EC659-A057-4D6E-AE54-A9E9139D8E54}.Debug|x86.ActiveCfg = Debug|Any CPU
		{147EC659-A057-4D6E-AE54-A9E9139D8E54}.Debug|x86.Build.0 = Debug|Any CPU
		{147EC659-A057-4D6E-AE54-A9E9139D8E54}.Release|Any CPU.ActiveCfg = Release|Any CPU
		{147EC659-A057-4D6E-AE54-A9E9139D8E54}.Release|Any CPU.Build.0 = Release|Any CPU
		{147EC659-A057-4D6E-AE54-A9E9139D8E54}.Release|x64.ActiveCfg = Release|Any CPU
		{147EC659-A057-4D6E-AE54-A9E9139D8E54}.Release|x64.Build.0 = Release|Any CPU
		{147EC659-A057-4D6E-AE54-A9E9139D8E54}.Release|x86.ActiveCfg = Release|Any CPU
		{147EC659-A057-4D6E-AE54-A9E9139D8E54}.Release|x86.Build.0 = Release|Any CPU
		{1FCE10D7-F08D-4E26-B9E9-F29BEEA6B572}.Debug|Any CPU.ActiveCfg = Debug|Any CPU
		{1FCE10D7-F08D-4E26-B9E9-F29BEEA6B572}.Debug|Any CPU.Build.0 = Debug|Any CPU
		{1FCE10D7-F08D-4E26-B9E9-F29BEEA6B572}.Debug|x64.ActiveCfg = Debug|Any CPU
		{1FCE10D7-F08D-4E26-B9E9-F29BEEA6B572}.Debug|x64.Build.0 = Debug|Any CPU
		{1FCE10D7-F08D-4E26-B9E9-F29BEEA6B572}.Debug|x86.ActiveCfg = Debug|Any CPU
		{1FCE10D7-F08D-4E26-B9E9-F29BEEA6B572}.Debug|x86.Build.0 = Debug|Any CPU
		{1FCE10D7-F08D-4E26-B9E9-F29BEEA6B572}.Release|Any CPU.ActiveCfg = Release|Any CPU
		{1FCE10D7-F08D-4E26-B9E9-F29BEEA6B572}.Release|Any CPU.Build.0 = Release|Any CPU
		{1FCE10D7-F08D-4E26-B9E9-F29BEEA6B572}.Release|x64.ActiveCfg = Release|Any CPU
		{1FCE10D7-F08D-4E26-B9E9-F29BEEA6B572}.Release|x64.Build.0 = Release|Any CPU
		{1FCE10D7-F08D-4E26-B9E9-F29BEEA6B572}.Release|x86.ActiveCfg = Release|Any CPU
		{1FCE10D7-F08D-4E26-B9E9-F29BEEA6B572}.Release|x86.Build.0 = Release|Any CPU
		{D9E9A3F7-BB99-48A0-AF7E-54D7D5D8C701}.Debug|Any CPU.ActiveCfg = Debug|x64
		{D9E9A3F7-BB99-48A0-AF7E-54D7D5D8C701}.Debug|x64.ActiveCfg = Debug|x64
		{D9E9A3F7-BB99-48A0-AF7E-54D7D5D8C701}.Debug|x64.Build.0 = Debug|x64
		{D9E9A3F7-BB99-48A0-AF7E-54D7D5D8C701}.Debug|x86.ActiveCfg = Debug|x64
		{D9E9A3F7-BB99-48A0-AF7E-54D7D5D8C701}.Release|Any CPU.ActiveCfg = Release|x64
		{D9E9A3F7-BB99-48A0-AF7E-54D7D5D8C701}.Release|x64.ActiveCfg = Release|x64
		{D9E9A3F7-BB99-48A0-AF7E-54D7D5D8C701}.Release|x64.Build.0 = Release|x64
		{D9E9A3F7-BB99-48A0-AF7E-54D7D5D8C701}.Release|x86.ActiveCfg = Release|x64
		{E8C3DCE9-E60B-4A0F-8D8F-620E1182635A}.Debug|Any CPU.ActiveCfg = Debug|x64
		{E8C3DCE9-E60B-4A0F-8D8F-620E1182635A}.Debug|x64.ActiveCfg = Debug|x64
		{E8C3DCE9-E60B-4A0F-8D8F-620E1182635A}.Debug|x64.Build.0 = Debug|x64
		{E8C3DCE9-E60B-4A0F-8D8F-620E1182635A}.Debug|x86.ActiveCfg = Debug|x64
		{E8C3DCE9-E60B-4A0F-8D8F-620E1182635A}.Release|Any CPU.ActiveCfg = Release|x64
		{E8C3DCE9-E60B-4A0F-8D8F-620E1182635A}.Release|x64.ActiveCfg = Release|x64
		{E8C3DCE9-E60B-4A0F-8D8F-620E1182635A}.Release|x64.Build.0 = Release|x64
		{E8C3DCE9-E60B-4A0F-8D8F-620E1182635A}.Release|x86.ActiveCfg = Release|x64
		{4F9CD9F7-EAF3-47AC-A895-E7CEB0CF180C}.Debug|Any CPU.ActiveCfg = Debug|Any CPU
		{4F9CD9F7-EAF3-47AC-A895-E7CEB0CF180C}.Debug|Any CPU.Build.0 = Debug|Any CPU
		{4F9CD9F7-EAF3-47AC-A895-E7CEB0CF180C}.Debug|x64.ActiveCfg = Debug|Any CPU
		{4F9CD9F7-EAF3-47AC-A895-E7CEB0CF180C}.Debug|x64.Build.0 = Debug|Any CPU
		{4F9CD9F7-EAF3-47AC-A895-E7CEB0CF180C}.Debug|x86.ActiveCfg = Debug|Any CPU
		{4F9CD9F7-EAF3-47AC-A895-E7CEB0CF180C}.Debug|x86.Build.0 = Debug|Any CPU
		{4F9CD9F7-EAF3-47AC-A895-E7CEB0CF180C}.Release|Any CPU.ActiveCfg = Release|Any CPU
		{4F9CD9F7-EAF3-47AC-A895-E7CEB0CF180C}.Release|Any CPU.Build.0 = Release|Any CPU
		{4F9CD9F7-EAF3-47AC-A895-E7CEB0CF180C}.Release|x64.ActiveCfg = Release|Any CPU
		{4F9CD9F7-EAF3-47AC-A895-E7CEB0CF180C}.Release|x64.Build.0 = Release|Any CPU
		{4F9CD9F7-EAF3-47AC-A895-E7CEB0CF180C}.Release|x86.ActiveCfg = Release|Any CPU
		{4F9CD9F7-EAF3-47AC-A895-E7CEB0CF180C}.Release|x86.Build.0 = Release|Any CPU
		{E35EEA46-1152-46BA-8A24-7A5D6507FC06}.Debug|Any CPU.ActiveCfg = Debug|Any CPU
		{E35EEA46-1152-46BA-8A24-7A5D6507FC06}.Debug|Any CPU.Build.0 = Debug|Any CPU
		{E35EEA46-1152-46BA-8A24-7A5D6507FC06}.Debug|x64.ActiveCfg = Debug|Any CPU
		{E35EEA46-1152-46BA-8A24-7A5D6507FC06}.Debug|x64.Build.0 = Debug|Any CPU
		{E35EEA46-1152-46BA-8A24-7A5D6507FC06}.Debug|x86.ActiveCfg = Debug|Any CPU
		{E35EEA46-1152-46BA-8A24-7A5D6507FC06}.Debug|x86.Build.0 = Debug|Any CPU
		{E35EEA46-1152-46BA-8A24-7A5D6507FC06}.Release|Any CPU.ActiveCfg = Release|Any CPU
		{E35EEA46-1152-46BA-8A24-7A5D6507FC06}.Release|Any CPU.Build.0 = Release|Any CPU
		{E35EEA46-1152-46BA-8A24-7A5D6507FC06}.Release|x64.ActiveCfg = Release|Any CPU
		{E35EEA46-1152-46BA-8A24-7A5D6507FC06}.Release|x64.Build.0 = Release|Any CPU
		{E35EEA46-1152-46BA-8A24-7A5D6507FC06}.Release|x86.ActiveCfg = Release|Any CPU
		{E35EEA46-1152-46BA-8A24-7A5D6507FC06}.Release|x86.Build.0 = Release|Any CPU
		{D6AD7683-FAA8-4A48-B261-353A8B38DFFF}.Debug|Any CPU.ActiveCfg = Debug|Any CPU
		{D6AD7683-FAA8-4A48-B261-353A8B38DFFF}.Debug|Any CPU.Build.0 = Debug|Any CPU
		{D6AD7683-FAA8-4A48-B261-353A8B38DFFF}.Debug|x64.ActiveCfg = Debug|Any CPU
		{D6AD7683-FAA8-4A48-B261-353A8B38DFFF}.Debug|x64.Build.0 = Debug|Any CPU
		{D6AD7683-FAA8-4A48-B261-353A8B38DFFF}.Debug|x86.ActiveCfg = Debug|Any CPU
		{D6AD7683-FAA8-4A48-B261-353A8B38DFFF}.Debug|x86.Build.0 = Debug|Any CPU
		{D6AD7683-FAA8-4A48-B261-353A8B38DFFF}.Release|Any CPU.ActiveCfg = Release|Any CPU
		{D6AD7683-FAA8-4A48-B261-353A8B38DFFF}.Release|Any CPU.Build.0 = Release|Any CPU
		{D6AD7683-FAA8-4A48-B261-353A8B38DFFF}.Release|x64.ActiveCfg = Release|Any CPU
		{D6AD7683-FAA8-4A48-B261-353A8B38DFFF}.Release|x64.Build.0 = Release|Any CPU
		{D6AD7683-FAA8-4A48-B261-353A8B38DFFF}.Release|x86.ActiveCfg = Release|Any CPU
		{D6AD7683-FAA8-4A48-B261-353A8B38DFFF}.Release|x86.Build.0 = Release|Any CPU
	EndGlobalSection
	GlobalSection(SolutionProperties) = preSolution
		HideSolutionNode = FALSE
	EndGlobalSection
	GlobalSection(NestedProjects) = preSolution
		{1365CB2C-CC0F-4FE2-91F0-E3E5A6806939} = {827E0CD3-B72D-47B6-A68D-7590B98EB39B}
		{2BC8F71E-1204-4535-BAFC-CCAE831962FB} = {827E0CD3-B72D-47B6-A68D-7590B98EB39B}
		{5FD66665-C326-4F6E-90EC-9F4A40F9E537} = {827E0CD3-B72D-47B6-A68D-7590B98EB39B}
		{147EC659-A057-4D6E-AE54-A9E9139D8E54} = {827E0CD3-B72D-47B6-A68D-7590B98EB39B}
		{1FCE10D7-F08D-4E26-B9E9-F29BEEA6B572} = {827E0CD3-B72D-47B6-A68D-7590B98EB39B}
		{D9E9A3F7-BB99-48A0-AF7E-54D7D5D8C701} = {AEBB45F1-EB4E-4D0E-A86E-A6FB61BFEFA4}
		{E8C3DCE9-E60B-4A0F-8D8F-620E1182635A} = {D499D332-CF34-4B0B-8D74-F8F7907A5C3D}
		{4F9CD9F7-EAF3-47AC-A895-E7CEB0CF180C} = {07C2787E-EAC7-C090-1BA3-A61EC2A24D84}
		{E35EEA46-1152-46BA-8A24-7A5D6507FC06} = {07C2787E-EAC7-C090-1BA3-A61EC2A24D84}
		{D6AD7683-FAA8-4A48-B261-353A8B38DFFF} = {07C2787E-EAC7-C090-1BA3-A61EC2A24D84}
	EndGlobalSection
EndGlobal
